
Microsoft Visual Studio Solution File, Format Version 12.00
# Visual Studio 15
VisualStudioVersion = 15.0.27703.2035
MinimumVisualStudioVersion = 10.0.40219.1
Project("{9A19103F-16F7-4668-BE54-9A1E7A4F7556}") = "Mds.Web", "Mds.Web\Mds.Web.csproj", "{9DDA431B-1014-4931-970B-FA3D4F7EF6F5}"
EndProject
Project("{9A19103F-16F7-4668-BE54-9A1E7A4F7556}") = "Mds.DataAccess", "Mds.DataAccess\Mds.DataAccess.csproj", "{FFB5F0C7-8DE0-43C2-ADAF-68AC9D78F79E}"
EndProject
Project("{9A19103F-16F7-4668-BE54-9A1E7A4F7556}") = "Mds.Type", "Mds.Type\Mds.Type.csproj", "{85FAD8B7-77E1-4FCC-AF3A-1DBA2DEAE363}"
EndProject
Project("{9A19103F-16F7-4668-BE54-9A1E7A4F7556}") = "Mds.Report", "Mds.Report\Mds.Report.csproj", "{7802E08A-E074-4CB3-A806-46EC754C8508}"
EndProject
Project("{9A19103F-16F7-4668-BE54-9A1E7A4F7556}") = "Mds.WebApi", "Mds.WebApi\Mds.WebApi.csproj", "{DA5E7D76-A3DD-4F55-AF5B-DC8FDCF8A122}"
EndProject
Project("{FAE04EC0-301F-11D3-BF4B-00C04F79EFBC}") = "Mds.UnitTestProject", "Mds.UnitTestProject\Mds.UnitTestProject.csproj", "{1975BBAB-4297-4EDA-AB32-CAEDAE12C845}"
EndProject
Global
	GlobalSection(SolutionConfigurationPlatforms) = preSolution
		Debug|Any CPU = Debug|Any CPU
		Release|Any CPU = Release|Any CPU
	EndGlobalSection
	GlobalSection(ProjectConfigurationPlatforms) = postSolution
		{9DDA431B-1014-4931-970B-FA3D4F7EF6F5}.Debug|Any CPU.ActiveCfg = Debug|Any CPU
		{9DDA431B-1014-4931-970B-FA3D4F7EF6F5}.Debug|Any CPU.Build.0 = Debug|Any CPU
		{9DDA431B-1014-4931-970B-FA3D4F7EF6F5}.Release|Any CPU.ActiveCfg = Release|Any CPU
		{9DDA431B-1014-4931-970B-FA3D4F7EF6F5}.Release|Any CPU.Build.0 = Release|Any CPU
		{FFB5F0C7-8DE0-43C2-ADAF-68AC9D78F79E}.Debug|Any CPU.ActiveCfg = Debug|Any CPU
		{FFB5F0C7-8DE0-43C2-ADAF-68AC9D78F79E}.Debug|Any CPU.Build.0 = Debug|Any CPU
		{FFB5F0C7-8DE0-43C2-ADAF-68AC9D78F79E}.Release|Any CPU.ActiveCfg = Release|Any CPU
		{FFB5F0C7-8DE0-43C2-ADAF-68AC9D78F79E}.Release|Any CPU.Build.0 = Release|Any CPU
		{85FAD8B7-77E1-4FCC-AF3A-1DBA2DEAE363}.Debug|Any CPU.ActiveCfg = Debug|Any CPU
		{85FAD8B7-77E1-4FCC-AF3A-1DBA2DEAE363}.Debug|Any CPU.Build.0 = Debug|Any CPU
		{85FAD8B7-77E1-4FCC-AF3A-1DBA2DEAE363}.Release|Any CPU.ActiveCfg = Release|Any CPU
		{85FAD8B7-77E1-4FCC-AF3A-1DBA2DEAE363}.Release|Any CPU.Build.0 = Release|Any CPU
		{7802E08A-E074-4CB3-A806-46EC754C8508}.Debug|Any CPU.ActiveCfg = Debug|Any CPU
		{7802E08A-E074-4CB3-A806-46EC754C8508}.Debug|Any CPU.Build.0 = Debug|Any CPU
		{7802E08A-E074-4CB3-A806-46EC754C8508}.Release|Any CPU.ActiveCfg = Release|Any CPU
		{7802E08A-E074-4CB3-A806-46EC754C8508}.Release|Any CPU.Build.0 = Release|Any CPU
		{DA5E7D76-A3DD-4F55-AF5B-DC8FDCF8A122}.Debug|Any CPU.ActiveCfg = Debug|Any CPU
		{DA5E7D76-A3DD-4F55-AF5B-DC8FDCF8A122}.Debug|Any CPU.Build.0 = Debug|Any CPU
		{DA5E7D76-A3DD-4F55-AF5B-DC8FDCF8A122}.Release|Any CPU.ActiveCfg = Release|Any CPU
		{DA5E7D76-A3DD-4F55-AF5B-DC8FDCF8A122}.Release|Any CPU.Build.0 = Release|Any CPU
		{1975BBAB-4297-4EDA-AB32-CAEDAE12C845}.Debug|Any CPU.ActiveCfg = Debug|Any CPU
		{1975BBAB-4297-4EDA-AB32-CAEDAE12C845}.Debug|Any CPU.Build.0 = Debug|Any CPU
		{1975BBAB-4297-4EDA-AB32-CAEDAE12C845}.Release|Any CPU.ActiveCfg = Release|Any CPU
		{1975BBAB-4297-4EDA-AB32-CAEDAE12C845}.Release|Any CPU.Build.0 = Release|Any CPU
	EndGlobalSection
	GlobalSection(SolutionProperties) = preSolution
		HideSolutionNode = FALSE
	EndGlobalSection
	GlobalSection(ExtensibilityGlobals) = postSolution
		SolutionGuid = {85657C39-BAFC-404F-B3C5-87A0EDF250D9}
	EndGlobalSection
EndGlobal
