
Microsoft Visual Studio Solution File, Format Version 12.00
# Visual Studio 15
VisualStudioVersion = 15.0.26730.16
MinimumVisualStudioVersion = 10.0.40219.1
Project("{FAE04EC0-301F-11D3-BF4B-00C04F79EFBC}") = "Delta.DataAccess", "Delta.DataAccess\Delta.DataAccess.csproj", "{9E6F2D65-6948-457D-A8EB-B0CB213F420A}"
EndProject
Project("{FAE04EC0-301F-11D3-BF4B-00C04F79EFBC}") = "Delta.UnitTest", "Delta.UnitTest\Delta.UnitTest.csproj", "{20EDECCE-7A43-440A-B7D7-45B7139B609A}"
EndProject
Project("{FAE04EC0-301F-11D3-BF4B-00C04F79EFBC}") = "Delta.Analytics", "Delta.Analytics\Delta.Analytics.csproj", "{403C4EE7-99A2-44EF-B0A9-3441517ABB22}"
EndProject
Project("{FAE04EC0-301F-11D3-BF4B-00C04F79EFBC}") = "Delta.Types", "Delta.Types\Delta.Types.csproj", "{001D6B65-098A-457A-9523-262176514ED9}"
EndProject
Project("{FAE04EC0-301F-11D3-BF4B-00C04F79EFBC}") = "Delta.UI", "Delta.UI\Delta.UI.csproj", "{2C8C1809-2E35-4B40-A503-45C4F276D35E}"
EndProject
Global
	GlobalSection(SolutionConfigurationPlatforms) = preSolution
		Debug|Any CPU = Debug|Any CPU
		Release|Any CPU = Release|Any CPU
	EndGlobalSection
	GlobalSection(ProjectConfigurationPlatforms) = postSolution
		{9E6F2D65-6948-457D-A8EB-B0CB213F420A}.Debug|Any CPU.ActiveCfg = Debug|Any CPU
		{9E6F2D65-6948-457D-A8EB-B0CB213F420A}.Debug|Any CPU.Build.0 = Debug|Any CPU
		{9E6F2D65-6948-457D-A8EB-B0CB213F420A}.Release|Any CPU.ActiveCfg = Release|Any CPU
		{9E6F2D65-6948-457D-A8EB-B0CB213F420A}.Release|Any CPU.Build.0 = Release|Any CPU
		{20EDECCE-7A43-440A-B7D7-45B7139B609A}.Debug|Any CPU.ActiveCfg = Debug|Any CPU
		{20EDECCE-7A43-440A-B7D7-45B7139B609A}.Debug|Any CPU.Build.0 = Debug|Any CPU
		{20EDECCE-7A43-440A-B7D7-45B7139B609A}.Release|Any CPU.ActiveCfg = Release|Any CPU
		{20EDECCE-7A43-440A-B7D7-45B7139B609A}.Release|Any CPU.Build.0 = Release|Any CPU
		{403C4EE7-99A2-44EF-B0A9-3441517ABB22}.Debug|Any CPU.ActiveCfg = Debug|Any CPU
		{403C4EE7-99A2-44EF-B0A9-3441517ABB22}.Debug|Any CPU.Build.0 = Debug|Any CPU
		{403C4EE7-99A2-44EF-B0A9-3441517ABB22}.Release|Any CPU.ActiveCfg = Release|Any CPU
		{403C4EE7-99A2-44EF-B0A9-3441517ABB22}.Release|Any CPU.Build.0 = Release|Any CPU
		{001D6B65-098A-457A-9523-262176514ED9}.Debug|Any CPU.ActiveCfg = Debug|Any CPU
		{001D6B65-098A-457A-9523-262176514ED9}.Debug|Any CPU.Build.0 = Debug|Any CPU
		{001D6B65-098A-457A-9523-262176514ED9}.Release|Any CPU.ActiveCfg = Release|Any CPU
		{001D6B65-098A-457A-9523-262176514ED9}.Release|Any CPU.Build.0 = Release|Any CPU
		{2C8C1809-2E35-4B40-A503-45C4F276D35E}.Debug|Any CPU.ActiveCfg = Debug|Any CPU
		{2C8C1809-2E35-4B40-A503-45C4F276D35E}.Debug|Any CPU.Build.0 = Debug|Any CPU
		{2C8C1809-2E35-4B40-A503-45C4F276D35E}.Release|Any CPU.ActiveCfg = Release|Any CPU
		{2C8C1809-2E35-4B40-A503-45C4F276D35E}.Release|Any CPU.Build.0 = Release|Any CPU
	EndGlobalSection
	GlobalSection(SolutionProperties) = preSolution
		HideSolutionNode = FALSE
	EndGlobalSection
	GlobalSection(ExtensibilityGlobals) = postSolution
		SolutionGuid = {3FB2BC1B-207F-45D5-BF9C-5050ED1626A1}
	EndGlobalSection
EndGlobal
